// !$*UTF8*$!
{
	archiveVersion = 1;
	classes = {
	};
	objectVersion = 50;
	objects = {

/* Begin PBXBuildFile section */
		79288F99262F491D00C22CC2 /* MovieDetailsCoordinator.swift in Sources */ = {isa = PBXBuildFile; fileRef = 792B09B2262E25A60022AF54 /* MovieDetailsCoordinator.swift */; };
		79288F9A262F491D00C22CC2 /* MovieDetailCell.xib in Resources */ = {isa = PBXBuildFile; fileRef = 797FE6AD262A1967007A7E4D /* MovieDetailCell.xib */; };
		79288F9B262F491D00C22CC2 /* MovieDetailsViewModel.swift in Sources */ = {isa = PBXBuildFile; fileRef = 797FE6B3262A1EB2007A7E4D /* MovieDetailsViewModel.swift */; };
		79288F9C262F491D00C22CC2 /* MovieDetailCell.swift in Sources */ = {isa = PBXBuildFile; fileRef = 797FE6AC262A1967007A7E4D /* MovieDetailCell.swift */; };
		79288F9D262F491D00C22CC2 /* MovieDetailsViewController.xib in Resources */ = {isa = PBXBuildFile; fileRef = 797FE6A6262A164A007A7E4D /* MovieDetailsViewController.xib */; };
		79288F9E262F491D00C22CC2 /* MovieDetailsViewController.swift in Sources */ = {isa = PBXBuildFile; fileRef = 797FE6A5262A164A007A7E4D /* MovieDetailsViewController.swift */; };
		795DA93226227CA000C10373 /* HomeViewModel.swift in Sources */ = {isa = PBXBuildFile; fileRef = 795DA93126227CA000C10373 /* HomeViewModel.swift */; };
		7976AC0A262262E5008C3DA8 /* AppDelegate.swift in Sources */ = {isa = PBXBuildFile; fileRef = 7976AC09262262E5008C3DA8 /* AppDelegate.swift */; };
		7976AC0C262262E5008C3DA8 /* SceneDelegate.swift in Sources */ = {isa = PBXBuildFile; fileRef = 7976AC0B262262E5008C3DA8 /* SceneDelegate.swift */; };
		7976AC0E262262E5008C3DA8 /* HomeViewController.swift in Sources */ = {isa = PBXBuildFile; fileRef = 7976AC0D262262E5008C3DA8 /* HomeViewController.swift */; };
		7976AC11262262E5008C3DA8 /* HomeScreen.storyboard in Resources */ = {isa = PBXBuildFile; fileRef = 7976AC0F262262E5008C3DA8 /* HomeScreen.storyboard */; };
		7976AC13262262E7008C3DA8 /* Assets.xcassets in Resources */ = {isa = PBXBuildFile; fileRef = 7976AC12262262E7008C3DA8 /* Assets.xcassets */; };
		7976AC16262262E7008C3DA8 /* LaunchScreen.storyboard in Resources */ = {isa = PBXBuildFile; fileRef = 7976AC14262262E7008C3DA8 /* LaunchScreen.storyboard */; };
		7976AC2126226341008C3DA8 /* NetworkService.swift in Sources */ = {isa = PBXBuildFile; fileRef = 7976AC2026226341008C3DA8 /* NetworkService.swift */; };
		7976AC2626226D6D008C3DA8 /* HeaderAdapter.swift in Sources */ = {isa = PBXBuildFile; fileRef = 7976AC2526226D6D008C3DA8 /* HeaderAdapter.swift */; };
		7976AC2926226DAE008C3DA8 /* RequestBuilder.swift in Sources */ = {isa = PBXBuildFile; fileRef = 7976AC2826226DAE008C3DA8 /* RequestBuilder.swift */; };
		7976AC2C26226DD7008C3DA8 /* ParametersAdapter.swift in Sources */ = {isa = PBXBuildFile; fileRef = 7976AC2B26226DD7008C3DA8 /* ParametersAdapter.swift */; };
		7976AC30262274D4008C3DA8 /* Movie.swift in Sources */ = {isa = PBXBuildFile; fileRef = 7976AC2F262274D4008C3DA8 /* Movie.swift */; };
		7976AC3626227521008C3DA8 /* Constants.swift in Sources */ = {isa = PBXBuildFile; fileRef = 7976AC3526227521008C3DA8 /* Constants.swift */; };
		7976AC3E262275DE008C3DA8 /* MoviesApi.swift in Sources */ = {isa = PBXBuildFile; fileRef = 7976AC3D262275DE008C3DA8 /* MoviesApi.swift */; };
		7976AC4326227756008C3DA8 /* Genres.swift in Sources */ = {isa = PBXBuildFile; fileRef = 7976AC4226227756008C3DA8 /* Genres.swift */; };
		797FE69A2629C2EF007A7E4D /* MovieService.swift in Sources */ = {isa = PBXBuildFile; fileRef = 797FE6992629C2EF007A7E4D /* MovieService.swift */; };
		799091D2262DEC5C008CEDB0 /* ImageCacher.swift in Sources */ = {isa = PBXBuildFile; fileRef = 799091D1262DEC5C008CEDB0 /* ImageCacher.swift */; };
		799091EC2632A8CC008CEDB0 /* UIControl+Extensions.swift in Sources */ = {isa = PBXBuildFile; fileRef = 799091EB2632A8CC008CEDB0 /* UIControl+Extensions.swift */; };
		79A10BAB26345B9900E108E3 /* CollectionDataManager.swift in Sources */ = {isa = PBXBuildFile; fileRef = 79A10BAA26345B9900E108E3 /* CollectionDataManager.swift */; };
		79A1CB952631F23D001C24EF /* Schedulers.swift in Sources */ = {isa = PBXBuildFile; fileRef = 79A1CB942631F23D001C24EF /* Schedulers.swift */; };
		79A1CB9826320127001C24EF /* Publisher+Extensions.swift in Sources */ = {isa = PBXBuildFile; fileRef = 79A1CB9726320127001C24EF /* Publisher+Extensions.swift */; };
		79A1CB9E26324922001C24EF /* SearchViewController.swift in Sources */ = {isa = PBXBuildFile; fileRef = 79A1CB9C26324922001C24EF /* SearchViewController.swift */; };
		79A1CB9F26324922001C24EF /* SearchViewController.xib in Resources */ = {isa = PBXBuildFile; fileRef = 79A1CB9D26324922001C24EF /* SearchViewController.xib */; };
		79A1CBA326324983001C24EF /* MoviesSearchService.swift in Sources */ = {isa = PBXBuildFile; fileRef = 79A1CBA226324982001C24EF /* MoviesSearchService.swift */; };
		79E47F79262E022B00BA661F /* ErrorTypes.swift in Sources */ = {isa = PBXBuildFile; fileRef = 79E47F78262E022B00BA661F /* ErrorTypes.swift */; };
		79E6BBFE262F0CB500CC1C38 /* MoviesCollectionDataAdapter.swift in Sources */ = {isa = PBXBuildFile; fileRef = 79E6BBFD262F0CB500CC1C38 /* MoviesCollectionDataAdapter.swift */; };
		79E6BC02262F0E0C00CC1C38 /* MoviesCollectionDataType.swift in Sources */ = {isa = PBXBuildFile; fileRef = 79E6BC01262F0E0C00CC1C38 /* MoviesCollectionDataType.swift */; };
		79FEB927262281EA001A1DD2 /* UIViewController+Extensions.swift in Sources */ = {isa = PBXBuildFile; fileRef = 79FEB926262281EA001A1DD2 /* UIViewController+Extensions.swift */; };
		79FEB92B26228259001A1DD2 /* HomeCoordinator.swift in Sources */ = {isa = PBXBuildFile; fileRef = 79FEB92A26228259001A1DD2 /* HomeCoordinator.swift */; };
		79FEB92F2622827C001A1DD2 /* BaseCoordinator.swift in Sources */ = {isa = PBXBuildFile; fileRef = 79FEB92E2622827C001A1DD2 /* BaseCoordinator.swift */; };
		79FEB932262283C3001A1DD2 /* BaseViewModel.swift in Sources */ = {isa = PBXBuildFile; fileRef = 79FEB931262283C3001A1DD2 /* BaseViewModel.swift */; };
		79FEB93F262289A3001A1DD2 /* GenreCell.swift in Sources */ = {isa = PBXBuildFile; fileRef = 79FEB93D262289A3001A1DD2 /* GenreCell.swift */; };
		79FEB9522622F21F001A1DD2 /* PublishTimeLogger.swift in Sources */ = {isa = PBXBuildFile; fileRef = 79FEB9512622F21F001A1DD2 /* PublishTimeLogger.swift */; };
		79FEB9562622FBD3001A1DD2 /* MovieQuery.swift in Sources */ = {isa = PBXBuildFile; fileRef = 79FEB9552622FBD3001A1DD2 /* MovieQuery.swift */; };
		79FEB959262302AF001A1DD2 /* MovieQueryCell.swift in Sources */ = {isa = PBXBuildFile; fileRef = 79FEB958262302AF001A1DD2 /* MovieQueryCell.swift */; };
		79FEB96226231039001A1DD2 /* Collection+Extensions.swift in Sources */ = {isa = PBXBuildFile; fileRef = 79FEB96126231039001A1DD2 /* Collection+Extensions.swift */; };
/* End PBXBuildFile section */

/* Begin PBXFileReference section */
		792B09B2262E25A60022AF54 /* MovieDetailsCoordinator.swift */ = {isa = PBXFileReference; lastKnownFileType = sourcecode.swift; path = MovieDetailsCoordinator.swift; sourceTree = "<group>"; };
		795DA93126227CA000C10373 /* HomeViewModel.swift */ = {isa = PBXFileReference; lastKnownFileType = sourcecode.swift; path = HomeViewModel.swift; sourceTree = "<group>"; };
		7976AC06262262E5008C3DA8 /* ReactiveMovies.app */ = {isa = PBXFileReference; explicitFileType = wrapper.application; includeInIndex = 0; path = ReactiveMovies.app; sourceTree = BUILT_PRODUCTS_DIR; };
		7976AC09262262E5008C3DA8 /* AppDelegate.swift */ = {isa = PBXFileReference; lastKnownFileType = sourcecode.swift; path = AppDelegate.swift; sourceTree = "<group>"; };
		7976AC0B262262E5008C3DA8 /* SceneDelegate.swift */ = {isa = PBXFileReference; lastKnownFileType = sourcecode.swift; path = SceneDelegate.swift; sourceTree = "<group>"; };
		7976AC0D262262E5008C3DA8 /* HomeViewController.swift */ = {isa = PBXFileReference; lastKnownFileType = sourcecode.swift; path = HomeViewController.swift; sourceTree = "<group>"; };
		7976AC10262262E5008C3DA8 /* Base */ = {isa = PBXFileReference; lastKnownFileType = file.storyboard; name = Base; path = Base.lproj/HomeScreen.storyboard; sourceTree = "<group>"; };
		7976AC12262262E7008C3DA8 /* Assets.xcassets */ = {isa = PBXFileReference; lastKnownFileType = folder.assetcatalog; path = Assets.xcassets; sourceTree = "<group>"; };
		7976AC15262262E7008C3DA8 /* Base */ = {isa = PBXFileReference; lastKnownFileType = file.storyboard; name = Base; path = Base.lproj/LaunchScreen.storyboard; sourceTree = "<group>"; };
		7976AC17262262E7008C3DA8 /* Info.plist */ = {isa = PBXFileReference; lastKnownFileType = text.plist.xml; path = Info.plist; sourceTree = "<group>"; };
		7976AC2026226341008C3DA8 /* NetworkService.swift */ = {isa = PBXFileReference; lastKnownFileType = sourcecode.swift; path = NetworkService.swift; sourceTree = "<group>"; };
		7976AC2526226D6D008C3DA8 /* HeaderAdapter.swift */ = {isa = PBXFileReference; lastKnownFileType = sourcecode.swift; path = HeaderAdapter.swift; sourceTree = "<group>"; };
		7976AC2826226DAE008C3DA8 /* RequestBuilder.swift */ = {isa = PBXFileReference; lastKnownFileType = sourcecode.swift; path = RequestBuilder.swift; sourceTree = "<group>"; };
		7976AC2B26226DD7008C3DA8 /* ParametersAdapter.swift */ = {isa = PBXFileReference; lastKnownFileType = sourcecode.swift; path = ParametersAdapter.swift; sourceTree = "<group>"; };
		7976AC2F262274D4008C3DA8 /* Movie.swift */ = {isa = PBXFileReference; lastKnownFileType = sourcecode.swift; path = Movie.swift; sourceTree = "<group>"; };
		7976AC3526227521008C3DA8 /* Constants.swift */ = {isa = PBXFileReference; lastKnownFileType = sourcecode.swift; path = Constants.swift; sourceTree = "<group>"; };
		7976AC3D262275DE008C3DA8 /* MoviesApi.swift */ = {isa = PBXFileReference; lastKnownFileType = sourcecode.swift; path = MoviesApi.swift; sourceTree = "<group>"; };
		7976AC4226227756008C3DA8 /* Genres.swift */ = {isa = PBXFileReference; lastKnownFileType = sourcecode.swift; path = Genres.swift; sourceTree = "<group>"; };
		797FE6992629C2EF007A7E4D /* MovieService.swift */ = {isa = PBXFileReference; lastKnownFileType = sourcecode.swift; path = MovieService.swift; sourceTree = "<group>"; };
		797FE6A5262A164A007A7E4D /* MovieDetailsViewController.swift */ = {isa = PBXFileReference; lastKnownFileType = sourcecode.swift; path = MovieDetailsViewController.swift; sourceTree = "<group>"; };
		797FE6A6262A164A007A7E4D /* MovieDetailsViewController.xib */ = {isa = PBXFileReference; lastKnownFileType = file.xib; path = MovieDetailsViewController.xib; sourceTree = "<group>"; };
		797FE6AC262A1967007A7E4D /* MovieDetailCell.swift */ = {isa = PBXFileReference; lastKnownFileType = sourcecode.swift; path = MovieDetailCell.swift; sourceTree = "<group>"; };
		797FE6AD262A1967007A7E4D /* MovieDetailCell.xib */ = {isa = PBXFileReference; lastKnownFileType = file.xib; path = MovieDetailCell.xib; sourceTree = "<group>"; };
		797FE6B3262A1EB2007A7E4D /* MovieDetailsViewModel.swift */ = {isa = PBXFileReference; lastKnownFileType = sourcecode.swift; path = MovieDetailsViewModel.swift; sourceTree = "<group>"; };
		799091D1262DEC5C008CEDB0 /* ImageCacher.swift */ = {isa = PBXFileReference; lastKnownFileType = sourcecode.swift; path = ImageCacher.swift; sourceTree = "<group>"; };
		799091EB2632A8CC008CEDB0 /* UIControl+Extensions.swift */ = {isa = PBXFileReference; lastKnownFileType = sourcecode.swift; path = "UIControl+Extensions.swift"; sourceTree = "<group>"; };
		79A10BAA26345B9900E108E3 /* CollectionDataManager.swift */ = {isa = PBXFileReference; lastKnownFileType = sourcecode.swift; path = CollectionDataManager.swift; sourceTree = "<group>"; };
		79A1CB942631F23D001C24EF /* Schedulers.swift */ = {isa = PBXFileReference; lastKnownFileType = sourcecode.swift; path = Schedulers.swift; sourceTree = "<group>"; };
		79A1CB9726320127001C24EF /* Publisher+Extensions.swift */ = {isa = PBXFileReference; lastKnownFileType = sourcecode.swift; path = "Publisher+Extensions.swift"; sourceTree = "<group>"; };
		79A1CB9C26324922001C24EF /* SearchViewController.swift */ = {isa = PBXFileReference; lastKnownFileType = sourcecode.swift; path = SearchViewController.swift; sourceTree = "<group>"; };
		79A1CB9D26324922001C24EF /* SearchViewController.xib */ = {isa = PBXFileReference; lastKnownFileType = file.xib; path = SearchViewController.xib; sourceTree = "<group>"; };
		79A1CBA226324982001C24EF /* MoviesSearchService.swift */ = {isa = PBXFileReference; lastKnownFileType = sourcecode.swift; path = MoviesSearchService.swift; sourceTree = "<group>"; };
		79E47F78262E022B00BA661F /* ErrorTypes.swift */ = {isa = PBXFileReference; lastKnownFileType = sourcecode.swift; path = ErrorTypes.swift; sourceTree = "<group>"; };
		79E6BBFD262F0CB500CC1C38 /* MoviesCollectionDataAdapter.swift */ = {isa = PBXFileReference; lastKnownFileType = sourcecode.swift; path = MoviesCollectionDataAdapter.swift; sourceTree = "<group>"; };
		79E6BC01262F0E0C00CC1C38 /* MoviesCollectionDataType.swift */ = {isa = PBXFileReference; lastKnownFileType = sourcecode.swift; path = MoviesCollectionDataType.swift; sourceTree = "<group>"; };
		79FEB926262281EA001A1DD2 /* UIViewController+Extensions.swift */ = {isa = PBXFileReference; lastKnownFileType = sourcecode.swift; path = "UIViewController+Extensions.swift"; sourceTree = "<group>"; };
		79FEB92A26228259001A1DD2 /* HomeCoordinator.swift */ = {isa = PBXFileReference; lastKnownFileType = sourcecode.swift; path = HomeCoordinator.swift; sourceTree = "<group>"; };
		79FEB92E2622827C001A1DD2 /* BaseCoordinator.swift */ = {isa = PBXFileReference; lastKnownFileType = sourcecode.swift; path = BaseCoordinator.swift; sourceTree = "<group>"; };
		79FEB931262283C3001A1DD2 /* BaseViewModel.swift */ = {isa = PBXFileReference; lastKnownFileType = sourcecode.swift; path = BaseViewModel.swift; sourceTree = "<group>"; };
		79FEB93D262289A3001A1DD2 /* GenreCell.swift */ = {isa = PBXFileReference; lastKnownFileType = sourcecode.swift; path = GenreCell.swift; sourceTree = "<group>"; };
		79FEB9512622F21F001A1DD2 /* PublishTimeLogger.swift */ = {isa = PBXFileReference; lastKnownFileType = sourcecode.swift; path = PublishTimeLogger.swift; sourceTree = "<group>"; };
		79FEB9552622FBD3001A1DD2 /* MovieQuery.swift */ = {isa = PBXFileReference; lastKnownFileType = sourcecode.swift; path = MovieQuery.swift; sourceTree = "<group>"; };
		79FEB958262302AF001A1DD2 /* MovieQueryCell.swift */ = {isa = PBXFileReference; lastKnownFileType = sourcecode.swift; path = MovieQueryCell.swift; sourceTree = "<group>"; };
		79FEB96126231039001A1DD2 /* Collection+Extensions.swift */ = {isa = PBXFileReference; lastKnownFileType = sourcecode.swift; path = "Collection+Extensions.swift"; sourceTree = "<group>"; };
/* End PBXFileReference section */

/* Begin PBXFrameworksBuildPhase section */
		7976AC03262262E5008C3DA8 /* Frameworks */ = {
			isa = PBXFrameworksBuildPhase;
			buildActionMask = 2147483647;
			files = (
			);
			runOnlyForDeploymentPostprocessing = 0;
		};
/* End PBXFrameworksBuildPhase section */

/* Begin PBXGroup section */
		79288FA1262F4B7C00C22CC2 /* Utils */ = {
			isa = PBXGroup;
			children = (
			);
			path = Utils;
			sourceTree = "<group>";
		};
		795DA93026227C8700C10373 /* Home */ = {
			isa = PBXGroup;
			children = (
				7976AC0D262262E5008C3DA8 /* HomeViewController.swift */,
				79A10BAA26345B9900E108E3 /* CollectionDataManager.swift */,
				795DA93126227CA000C10373 /* HomeViewModel.swift */,
				79FEB92A26228259001A1DD2 /* HomeCoordinator.swift */,
				79E6BBF0262EF55700CC1C38 /* Utils */,
				79FEB93C2622897A001A1DD2 /* Views */,
				7976AC0F262262E5008C3DA8 /* HomeScreen.storyboard */,
			);
			path = Home;
			sourceTree = "<group>";
		};
		7976ABFD262262E5008C3DA8 = {
			isa = PBXGroup;
			children = (
				7976AC08262262E5008C3DA8 /* ReactiveMovies */,
				7976AC07262262E5008C3DA8 /* Products */,
			);
			sourceTree = "<group>";
		};
		7976AC07262262E5008C3DA8 /* Products */ = {
			isa = PBXGroup;
			children = (
				7976AC06262262E5008C3DA8 /* ReactiveMovies.app */,
			);
			name = Products;
			sourceTree = "<group>";
		};
		7976AC08262262E5008C3DA8 /* ReactiveMovies */ = {
			isa = PBXGroup;
			children = (
				7976AC3926227579008C3DA8 /* Modules */,
				7976AC33262274F9008C3DA8 /* CoreAdditions */,
				7976AC09262262E5008C3DA8 /* AppDelegate.swift */,
				7976AC0B262262E5008C3DA8 /* SceneDelegate.swift */,
				7976AC12262262E7008C3DA8 /* Assets.xcassets */,
				7976AC14262262E7008C3DA8 /* LaunchScreen.storyboard */,
				7976AC17262262E7008C3DA8 /* Info.plist */,
			);
			path = ReactiveMovies;
			sourceTree = "<group>";
		};
		7976AC1F2622630D008C3DA8 /* BaseNetworking */ = {
			isa = PBXGroup;
			children = (
				799091D1262DEC5C008CEDB0 /* ImageCacher.swift */,
				7976AC2026226341008C3DA8 /* NetworkService.swift */,
				7976AC2526226D6D008C3DA8 /* HeaderAdapter.swift */,
				7976AC2826226DAE008C3DA8 /* RequestBuilder.swift */,
				7976AC2B26226DD7008C3DA8 /* ParametersAdapter.swift */,
			);
			path = BaseNetworking;
			sourceTree = "<group>";
		};
		7976AC33262274F9008C3DA8 /* CoreAdditions */ = {
			isa = PBXGroup;
			children = (
				797FE6A0262A14CA007A7E4D /* Model */,
				797FE6982629C2DE007A7E4D /* Services */,
				79FEB9502622F203001A1DD2 /* Debug */,
				79FEB92D26228269001A1DD2 /* BaseClasses */,
				79FEB925262281D3001A1DD2 /* Extensions */,
				7976AC4026227619008C3DA8 /* Networking */,
				7976AC3526227521008C3DA8 /* Constants.swift */,
				79A1CB942631F23D001C24EF /* Schedulers.swift */,
			);
			path = CoreAdditions;
			sourceTree = "<group>";
		};
		7976AC3926227579008C3DA8 /* Modules */ = {
			isa = PBXGroup;
			children = (
				79A1CB9B263248FB001C24EF /* Search */,
				795DA93026227C8700C10373 /* Home */,
				797FE69E262A1209007A7E4D /* Details */,
			);
			path = Modules;
			sourceTree = "<group>";
		};
		7976AC3B262275B4008C3DA8 /* ApiController */ = {
			isa = PBXGroup;
			children = (
				7976AC3D262275DE008C3DA8 /* MoviesApi.swift */,
			);
			path = ApiController;
			sourceTree = "<group>";
		};
		7976AC4026227619008C3DA8 /* Networking */ = {
			isa = PBXGroup;
			children = (
				79E47F78262E022B00BA661F /* ErrorTypes.swift */,
				7976AC3B262275B4008C3DA8 /* ApiController */,
				7976AC1F2622630D008C3DA8 /* BaseNetworking */,
			);
			path = Networking;
			sourceTree = "<group>";
		};
		797FE6982629C2DE007A7E4D /* Services */ = {
			isa = PBXGroup;
			children = (
				797FE6992629C2EF007A7E4D /* MovieService.swift */,
				79A1CBA226324982001C24EF /* MoviesSearchService.swift */,
			);
			path = Services;
			sourceTree = "<group>";
		};
		797FE69E262A1209007A7E4D /* Details */ = {
			isa = PBXGroup;
			children = (
				797FE6A5262A164A007A7E4D /* MovieDetailsViewController.swift */,
				797FE6B3262A1EB2007A7E4D /* MovieDetailsViewModel.swift */,
				792B09B2262E25A60022AF54 /* MovieDetailsCoordinator.swift */,
				79288FA1262F4B7C00C22CC2 /* Utils */,
				797FE6AB262A192F007A7E4D /* View */,
				797FE6A6262A164A007A7E4D /* MovieDetailsViewController.xib */,
			);
			path = Details;
			sourceTree = "<group>";
		};
		797FE6A0262A14CA007A7E4D /* Model */ = {
			isa = PBXGroup;
			children = (
				7976AC2F262274D4008C3DA8 /* Movie.swift */,
				7976AC4226227756008C3DA8 /* Genres.swift */,
				79FEB9552622FBD3001A1DD2 /* MovieQuery.swift */,
			);
			path = Model;
			sourceTree = "<group>";
		};
		797FE6AB262A192F007A7E4D /* View */ = {
			isa = PBXGroup;
			children = (
				797FE6AC262A1967007A7E4D /* MovieDetailCell.swift */,
				797FE6AD262A1967007A7E4D /* MovieDetailCell.xib */,
			);
			path = View;
			sourceTree = "<group>";
		};
		79A1CB9B263248FB001C24EF /* Search */ = {
			isa = PBXGroup;
			children = (
				79A1CB9C26324922001C24EF /* SearchViewController.swift */,
				79A1CB9D26324922001C24EF /* SearchViewController.xib */,
			);
			path = Search;
			sourceTree = "<group>";
		};
		79E6BBF0262EF55700CC1C38 /* Utils */ = {
			isa = PBXGroup;
			children = (
				79E6BC01262F0E0C00CC1C38 /* MoviesCollectionDataType.swift */,
				79E6BBFD262F0CB500CC1C38 /* MoviesCollectionDataAdapter.swift */,
			);
			path = Utils;
			sourceTree = "<group>";
		};
		79FEB925262281D3001A1DD2 /* Extensions */ = {
			isa = PBXGroup;
			children = (
				79FEB926262281EA001A1DD2 /* UIViewController+Extensions.swift */,
				79FEB96126231039001A1DD2 /* Collection+Extensions.swift */,
				79A1CB9726320127001C24EF /* Publisher+Extensions.swift */,
				799091EB2632A8CC008CEDB0 /* UIControl+Extensions.swift */,
			);
			path = Extensions;
			sourceTree = "<group>";
		};
		79FEB92D26228269001A1DD2 /* BaseClasses */ = {
			isa = PBXGroup;
			children = (
				79FEB92E2622827C001A1DD2 /* BaseCoordinator.swift */,
				79FEB931262283C3001A1DD2 /* BaseViewModel.swift */,
			);
			path = BaseClasses;
			sourceTree = "<group>";
		};
		79FEB93C2622897A001A1DD2 /* Views */ = {
			isa = PBXGroup;
			children = (
				79FEB93D262289A3001A1DD2 /* GenreCell.swift */,
				79FEB958262302AF001A1DD2 /* MovieQueryCell.swift */,
			);
			path = Views;
			sourceTree = "<group>";
		};
		79FEB9502622F203001A1DD2 /* Debug */ = {
			isa = PBXGroup;
			children = (
				79FEB9512622F21F001A1DD2 /* PublishTimeLogger.swift */,
			);
			path = Debug;
			sourceTree = "<group>";
		};
/* End PBXGroup section */

/* Begin PBXNativeTarget section */
		7976AC05262262E5008C3DA8 /* ReactiveMovies */ = {
			isa = PBXNativeTarget;
			buildConfigurationList = 7976AC1A262262E7008C3DA8 /* Build configuration list for PBXNativeTarget "ReactiveMovies" */;
			buildPhases = (
				7976AC02262262E5008C3DA8 /* Sources */,
				7976AC03262262E5008C3DA8 /* Frameworks */,
				7976AC04262262E5008C3DA8 /* Resources */,
			);
			buildRules = (
			);
			dependencies = (
			);
			name = ReactiveMovies;
			packageProductDependencies = (
			);
			productName = ReactiveMovies;
			productReference = 7976AC06262262E5008C3DA8 /* ReactiveMovies.app */;
			productType = "com.apple.product-type.application";
		};
/* End PBXNativeTarget section */

/* Begin PBXProject section */
		7976ABFE262262E5008C3DA8 /* Project object */ = {
			isa = PBXProject;
			attributes = {
				LastSwiftUpdateCheck = 1240;
				LastUpgradeCheck = 1240;
				TargetAttributes = {
					7976AC05262262E5008C3DA8 = {
						CreatedOnToolsVersion = 12.4;
					};
				};
			};
			buildConfigurationList = 7976AC01262262E5008C3DA8 /* Build configuration list for PBXProject "ReactiveMovies" */;
			compatibilityVersion = "Xcode 9.3";
			developmentRegion = en;
			hasScannedForEncodings = 0;
			knownRegions = (
				en,
				Base,
			);
			mainGroup = 7976ABFD262262E5008C3DA8;
			packageReferences = (
			);
			productRefGroup = 7976AC07262262E5008C3DA8 /* Products */;
			projectDirPath = "";
			projectRoot = "";
			targets = (
				7976AC05262262E5008C3DA8 /* ReactiveMovies */,
			);
		};
/* End PBXProject section */

/* Begin PBXResourcesBuildPhase section */
		7976AC04262262E5008C3DA8 /* Resources */ = {
			isa = PBXResourcesBuildPhase;
			buildActionMask = 2147483647;
			files = (
				7976AC16262262E7008C3DA8 /* LaunchScreen.storyboard in Resources */,
				7976AC13262262E7008C3DA8 /* Assets.xcassets in Resources */,
				79A1CB9F26324922001C24EF /* SearchViewController.xib in Resources */,
				7976AC11262262E5008C3DA8 /* HomeScreen.storyboard in Resources */,
				79288F9A262F491D00C22CC2 /* MovieDetailCell.xib in Resources */,
				79288F9D262F491D00C22CC2 /* MovieDetailsViewController.xib in Resources */,
			);
			runOnlyForDeploymentPostprocessing = 0;
		};
/* End PBXResourcesBuildPhase section */

/* Begin PBXSourcesBuildPhase section */
		7976AC02262262E5008C3DA8 /* Sources */ = {
			isa = PBXSourcesBuildPhase;
			buildActionMask = 2147483647;
			files = (
				79288F9B262F491D00C22CC2 /* MovieDetailsViewModel.swift in Sources */,
				79288F9C262F491D00C22CC2 /* MovieDetailCell.swift in Sources */,
				79FEB9522622F21F001A1DD2 /* PublishTimeLogger.swift in Sources */,
				79E6BBFE262F0CB500CC1C38 /* MoviesCollectionDataAdapter.swift in Sources */,
				79A1CBA326324983001C24EF /* MoviesSearchService.swift in Sources */,
				7976AC2C26226DD7008C3DA8 /* ParametersAdapter.swift in Sources */,
				7976AC3E262275DE008C3DA8 /* MoviesApi.swift in Sources */,
				79FEB932262283C3001A1DD2 /* BaseViewModel.swift in Sources */,
				79FEB96226231039001A1DD2 /* Collection+Extensions.swift in Sources */,
				79288F99262F491D00C22CC2 /* MovieDetailsCoordinator.swift in Sources */,
				79E6BC02262F0E0C00CC1C38 /* MoviesCollectionDataType.swift in Sources */,
				797FE69A2629C2EF007A7E4D /* MovieService.swift in Sources */,
				799091EC2632A8CC008CEDB0 /* UIControl+Extensions.swift in Sources */,
				79A1CB952631F23D001C24EF /* Schedulers.swift in Sources */,
				79A1CB9E26324922001C24EF /* SearchViewController.swift in Sources */,
				79E47F79262E022B00BA661F /* ErrorTypes.swift in Sources */,
				79FEB959262302AF001A1DD2 /* MovieQueryCell.swift in Sources */,
				799091D2262DEC5C008CEDB0 /* ImageCacher.swift in Sources */,
				79FEB92B26228259001A1DD2 /* HomeCoordinator.swift in Sources */,
				7976AC2126226341008C3DA8 /* NetworkService.swift in Sources */,
				7976AC4326227756008C3DA8 /* Genres.swift in Sources */,
				79FEB9562622FBD3001A1DD2 /* MovieQuery.swift in Sources */,
				7976AC0E262262E5008C3DA8 /* HomeViewController.swift in Sources */,
				7976AC2626226D6D008C3DA8 /* HeaderAdapter.swift in Sources */,
				79288F9E262F491D00C22CC2 /* MovieDetailsViewController.swift in Sources */,
				795DA93226227CA000C10373 /* HomeViewModel.swift in Sources */,
				7976AC2926226DAE008C3DA8 /* RequestBuilder.swift in Sources */,
				7976AC0A262262E5008C3DA8 /* AppDelegate.swift in Sources */,
				79FEB927262281EA001A1DD2 /* UIViewController+Extensions.swift in Sources */,
				7976AC30262274D4008C3DA8 /* Movie.swift in Sources */,
				7976AC0C262262E5008C3DA8 /* SceneDelegate.swift in Sources */,
				7976AC3626227521008C3DA8 /* Constants.swift in Sources */,
				79FEB92F2622827C001A1DD2 /* BaseCoordinator.swift in Sources */,
				79A1CB9826320127001C24EF /* Publisher+Extensions.swift in Sources */,
				79FEB93F262289A3001A1DD2 /* GenreCell.swift in Sources */,
				79A10BAB26345B9900E108E3 /* CollectionDataManager.swift in Sources */,
			);
			runOnlyForDeploymentPostprocessing = 0;
		};
/* End PBXSourcesBuildPhase section */

/* Begin PBXVariantGroup section */
		7976AC0F262262E5008C3DA8 /* HomeScreen.storyboard */ = {
			isa = PBXVariantGroup;
			children = (
				7976AC10262262E5008C3DA8 /* Base */,
			);
			name = HomeScreen.storyboard;
			sourceTree = "<group>";
		};
		7976AC14262262E7008C3DA8 /* LaunchScreen.storyboard */ = {
			isa = PBXVariantGroup;
			children = (
				7976AC15262262E7008C3DA8 /* Base */,
			);
			name = LaunchScreen.storyboard;
			sourceTree = "<group>";
		};
/* End PBXVariantGroup section */

/* Begin XCBuildConfiguration section */
		7976AC18262262E7008C3DA8 /* Debug */ = {
			isa = XCBuildConfiguration;
			buildSettings = {
				ALWAYS_SEARCH_USER_PATHS = NO;
				CLANG_ANALYZER_NONNULL = YES;
				CLANG_ANALYZER_NUMBER_OBJECT_CONVERSION = YES_AGGRESSIVE;
				CLANG_CXX_LANGUAGE_STANDARD = "gnu++14";
				CLANG_CXX_LIBRARY = "libc++";
				CLANG_ENABLE_MODULES = YES;
				CLANG_ENABLE_OBJC_ARC = YES;
				CLANG_ENABLE_OBJC_WEAK = YES;
				CLANG_WARN_BLOCK_CAPTURE_AUTORELEASING = YES;
				CLANG_WARN_BOOL_CONVERSION = YES;
				CLANG_WARN_COMMA = YES;
				CLANG_WARN_CONSTANT_CONVERSION = YES;
				CLANG_WARN_DEPRECATED_OBJC_IMPLEMENTATIONS = YES;
				CLANG_WARN_DIRECT_OBJC_ISA_USAGE = YES_ERROR;
				CLANG_WARN_DOCUMENTATION_COMMENTS = YES;
				CLANG_WARN_EMPTY_BODY = YES;
				CLANG_WARN_ENUM_CONVERSION = YES;
				CLANG_WARN_INFINITE_RECURSION = YES;
				CLANG_WARN_INT_CONVERSION = YES;
				CLANG_WARN_NON_LITERAL_NULL_CONVERSION = YES;
				CLANG_WARN_OBJC_IMPLICIT_RETAIN_SELF = YES;
				CLANG_WARN_OBJC_LITERAL_CONVERSION = YES;
				CLANG_WARN_OBJC_ROOT_CLASS = YES_ERROR;
				CLANG_WARN_QUOTED_INCLUDE_IN_FRAMEWORK_HEADER = YES;
				CLANG_WARN_RANGE_LOOP_ANALYSIS = YES;
				CLANG_WARN_STRICT_PROTOTYPES = YES;
				CLANG_WARN_SUSPICIOUS_MOVE = YES;
				CLANG_WARN_UNGUARDED_AVAILABILITY = YES_AGGRESSIVE;
				CLANG_WARN_UNREACHABLE_CODE = YES;
				CLANG_WARN__DUPLICATE_METHOD_MATCH = YES;
				COPY_PHASE_STRIP = NO;
				DEBUG_INFORMATION_FORMAT = dwarf;
				ENABLE_STRICT_OBJC_MSGSEND = YES;
				ENABLE_TESTABILITY = YES;
				GCC_C_LANGUAGE_STANDARD = gnu11;
				GCC_DYNAMIC_NO_PIC = NO;
				GCC_NO_COMMON_BLOCKS = YES;
				GCC_OPTIMIZATION_LEVEL = 0;
				GCC_PREPROCESSOR_DEFINITIONS = (
					"DEBUG=1",
					"$(inherited)",
				);
				GCC_WARN_64_TO_32_BIT_CONVERSION = YES;
				GCC_WARN_ABOUT_RETURN_TYPE = YES_ERROR;
				GCC_WARN_UNDECLARED_SELECTOR = YES;
				GCC_WARN_UNINITIALIZED_AUTOS = YES_AGGRESSIVE;
				GCC_WARN_UNUSED_FUNCTION = YES;
				GCC_WARN_UNUSED_VARIABLE = YES;
				IPHONEOS_DEPLOYMENT_TARGET = 13.0;
				MTL_ENABLE_DEBUG_INFO = INCLUDE_SOURCE;
				MTL_FAST_MATH = YES;
				ONLY_ACTIVE_ARCH = YES;
				SDKROOT = iphoneos;
				SWIFT_ACTIVE_COMPILATION_CONDITIONS = DEBUG;
				SWIFT_OPTIMIZATION_LEVEL = "-Onone";
				TARGETED_DEVICE_FAMILY = "1,2";
			};
			name = Debug;
		};
		7976AC19262262E7008C3DA8 /* Release */ = {
			isa = XCBuildConfiguration;
			buildSettings = {
				ALWAYS_SEARCH_USER_PATHS = NO;
				CLANG_ANALYZER_NONNULL = YES;
				CLANG_ANALYZER_NUMBER_OBJECT_CONVERSION = YES_AGGRESSIVE;
				CLANG_CXX_LANGUAGE_STANDARD = "gnu++14";
				CLANG_CXX_LIBRARY = "libc++";
				CLANG_ENABLE_MODULES = YES;
				CLANG_ENABLE_OBJC_ARC = YES;
				CLANG_ENABLE_OBJC_WEAK = YES;
				CLANG_WARN_BLOCK_CAPTURE_AUTORELEASING = YES;
				CLANG_WARN_BOOL_CONVERSION = YES;
				CLANG_WARN_COMMA = YES;
				CLANG_WARN_CONSTANT_CONVERSION = YES;
				CLANG_WARN_DEPRECATED_OBJC_IMPLEMENTATIONS = YES;
				CLANG_WARN_DIRECT_OBJC_ISA_USAGE = YES_ERROR;
				CLANG_WARN_DOCUMENTATION_COMMENTS = YES;
				CLANG_WARN_EMPTY_BODY = YES;
				CLANG_WARN_ENUM_CONVERSION = YES;
				CLANG_WARN_INFINITE_RECURSION = YES;
				CLANG_WARN_INT_CONVERSION = YES;
				CLANG_WARN_NON_LITERAL_NULL_CONVERSION = YES;
				CLANG_WARN_OBJC_IMPLICIT_RETAIN_SELF = YES;
				CLANG_WARN_OBJC_LITERAL_CONVERSION = YES;
				CLANG_WARN_OBJC_ROOT_CLASS = YES_ERROR;
				CLANG_WARN_QUOTED_INCLUDE_IN_FRAMEWORK_HEADER = YES;
				CLANG_WARN_RANGE_LOOP_ANALYSIS = YES;
				CLANG_WARN_STRICT_PROTOTYPES = YES;
				CLANG_WARN_SUSPICIOUS_MOVE = YES;
				CLANG_WARN_UNGUARDED_AVAILABILITY = YES_AGGRESSIVE;
				CLANG_WARN_UNREACHABLE_CODE = YES;
				CLANG_WARN__DUPLICATE_METHOD_MATCH = YES;
				COPY_PHASE_STRIP = NO;
				DEBUG_INFORMATION_FORMAT = "dwarf-with-dsym";
				ENABLE_NS_ASSERTIONS = NO;
				ENABLE_STRICT_OBJC_MSGSEND = YES;
				GCC_C_LANGUAGE_STANDARD = gnu11;
				GCC_NO_COMMON_BLOCKS = YES;
				GCC_WARN_64_TO_32_BIT_CONVERSION = YES;
				GCC_WARN_ABOUT_RETURN_TYPE = YES_ERROR;
				GCC_WARN_UNDECLARED_SELECTOR = YES;
				GCC_WARN_UNINITIALIZED_AUTOS = YES_AGGRESSIVE;
				GCC_WARN_UNUSED_FUNCTION = YES;
				GCC_WARN_UNUSED_VARIABLE = YES;
				IPHONEOS_DEPLOYMENT_TARGET = 13.0;
				MTL_ENABLE_DEBUG_INFO = NO;
				MTL_FAST_MATH = YES;
				SDKROOT = iphoneos;
				SWIFT_COMPILATION_MODE = wholemodule;
				SWIFT_OPTIMIZATION_LEVEL = "-O";
				TARGETED_DEVICE_FAMILY = "1,2";
				VALIDATE_PRODUCT = YES;
			};
			name = Release;
		};
		7976AC1B262262E7008C3DA8 /* Debug */ = {
			isa = XCBuildConfiguration;
			buildSettings = {
				ASSETCATALOG_COMPILER_APPICON_NAME = AppIcon;
				ASSETCATALOG_COMPILER_GLOBAL_ACCENT_COLOR_NAME = AccentColor;
				CODE_SIGN_STYLE = Automatic;
				DEVELOPMENT_TEAM = C23K8VGFDE;
				INFOPLIST_FILE = ReactiveMovies/Info.plist;
				IPHONEOS_DEPLOYMENT_TARGET = 13.0;
				LD_RUNPATH_SEARCH_PATHS = (
					"$(inherited)",
					"@executable_path/Frameworks",
				);
				PRODUCT_BUNDLE_IDENTIFIER = com.kefirtest.ReactiveMovies;
				PRODUCT_NAME = "$(TARGET_NAME)";
				SWIFT_VERSION = 5.0;
				TARGETED_DEVICE_FAMILY = "1,2";
				TVOS_DEPLOYMENT_TARGET = 13.0;
			};
			name = Debug;
		};
		7976AC1C262262E7008C3DA8 /* Release */ = {
			isa = XCBuildConfiguration;
			buildSettings = {
				ASSETCATALOG_COMPILER_APPICON_NAME = AppIcon;
				ASSETCATALOG_COMPILER_GLOBAL_ACCENT_COLOR_NAME = AccentColor;
				CODE_SIGN_STYLE = Automatic;
				DEVELOPMENT_TEAM = C23K8VGFDE;
				INFOPLIST_FILE = ReactiveMovies/Info.plist;
				IPHONEOS_DEPLOYMENT_TARGET = 13.0;
				LD_RUNPATH_SEARCH_PATHS = (
					"$(inherited)",
					"@executable_path/Frameworks",
				);
				PRODUCT_BUNDLE_IDENTIFIER = com.kefirtest.ReactiveMovies;
				PRODUCT_NAME = "$(TARGET_NAME)";
				SWIFT_VERSION = 5.0;
				TARGETED_DEVICE_FAMILY = "1,2";
				TVOS_DEPLOYMENT_TARGET = 13.0;
			};
			name = Release;
		};
/* End XCBuildConfiguration section */

/* Begin XCConfigurationList section */
		7976AC01262262E5008C3DA8 /* Build configuration list for PBXProject "ReactiveMovies" */ = {
			isa = XCConfigurationList;
			buildConfigurations = (
				7976AC18262262E7008C3DA8 /* Debug */,
				7976AC19262262E7008C3DA8 /* Release */,
			);
			defaultConfigurationIsVisible = 0;
			defaultConfigurationName = Release;
		};
		7976AC1A262262E7008C3DA8 /* Build configuration list for PBXNativeTarget "ReactiveMovies" */ = {
			isa = XCConfigurationList;
			buildConfigurations = (
				7976AC1B262262E7008C3DA8 /* Debug */,
				7976AC1C262262E7008C3DA8 /* Release */,
			);
			defaultConfigurationIsVisible = 0;
			defaultConfigurationName = Release;
		};
/* End XCConfigurationList section */
	};
	rootObject = 7976ABFE262262E5008C3DA8 /* Project object */;
}
